
Microsoft Visual Studio Solution File, Format Version 12.00
# Visual Studio Version 16
VisualStudioVersion = 16.0.29709.97
MinimumVisualStudioVersion = 10.0.40219.1
Project("{9A19103F-16F7-4668-BE54-9A1E7A4F7556}") = "WinArt", "WinArt.csproj", "{3E005661-330F-4BE1-B59F-237AC9708776}"
EndProject
Project("{9A19103F-16F7-4668-BE54-9A1E7A4F7556}") = "WinArt.BLL", "..\WinArt.BLL\WinArt.BLL.csproj", "{6182D202-6352-4C58-89FC-B7B06D3E79F9}"
EndProject
Project("{9A19103F-16F7-4668-BE54-9A1E7A4F7556}") = "WinArt.DAL", "..\WinArt.DAL\WinArt.DAL.csproj", "{D0B221FC-1FB7-470F-BD78-5D438652FD29}"
EndProject
Global
	GlobalSection(SolutionConfigurationPlatforms) = preSolution
		Debug|Any CPU = Debug|Any CPU
		Release|Any CPU = Release|Any CPU
	EndGlobalSection
	GlobalSection(ProjectConfigurationPlatforms) = postSolution
		{3E005661-330F-4BE1-B59F-237AC9708776}.Debug|Any CPU.ActiveCfg = Debug|Any CPU
		{3E005661-330F-4BE1-B59F-237AC9708776}.Debug|Any CPU.Build.0 = Debug|Any CPU
		{3E005661-330F-4BE1-B59F-237AC9708776}.Release|Any CPU.ActiveCfg = Release|Any CPU
		{3E005661-330F-4BE1-B59F-237AC9708776}.Release|Any CPU.Build.0 = Release|Any CPU
		{6182D202-6352-4C58-89FC-B7B06D3E79F9}.Debug|Any CPU.ActiveCfg = Debug|Any CPU
		{6182D202-6352-4C58-89FC-B7B06D3E79F9}.Debug|Any CPU.Build.0 = Debug|Any CPU
		{6182D202-6352-4C58-89FC-B7B06D3E79F9}.Release|Any CPU.ActiveCfg = Release|Any CPU
		{6182D202-6352-4C58-89FC-B7B06D3E79F9}.Release|Any CPU.Build.0 = Release|Any CPU
		{D0B221FC-1FB7-470F-BD78-5D438652FD29}.Debug|Any CPU.ActiveCfg = Debug|Any CPU
		{D0B221FC-1FB7-470F-BD78-5D438652FD29}.Debug|Any CPU.Build.0 = Debug|Any CPU
		{D0B221FC-1FB7-470F-BD78-5D438652FD29}.Release|Any CPU.ActiveCfg = Release|Any CPU
		{D0B221FC-1FB7-470F-BD78-5D438652FD29}.Release|Any CPU.Build.0 = Release|Any CPU
	EndGlobalSection
	GlobalSection(SolutionProperties) = preSolution
		HideSolutionNode = FALSE
	EndGlobalSection
	GlobalSection(ExtensibilityGlobals) = postSolution
		SolutionGuid = {99187B6B-66CC-41B3-96B5-A4437A2203E6}
	EndGlobalSection
EndGlobal
